{
  "name": "map-server-template",
  "version": "1.0.0",
  "lockfileVersion": 1,
  "requires": true,
  "dependencies": {
    "@types/jsts": {
      "version": "0.17.2",
      "resolved": "https://registry.npm.taobao.org/@types/jsts/download/@types/jsts-0.17.2.tgz",
      "integrity": "sha1-BoaGTTFRJV/9C9jdPrlfSP5lX+k=",
      "requires": {
        "@types/openlayers": "*"
      }
    },
    "@types/lodash": {
      "version": "4.14.149",
      "resolved": "https://registry.npm.taobao.org/@types/lodash/download/@types/lodash-4.14.149.tgz",
      "integrity": "sha1-E0LWPZSMYGKDj7+WEBL3TU5jhEA="
    },
    "@types/node": {
      "version": "12.12.26",
      "resolved": "https://registry.npm.taobao.org/@types/node/download/@types/node-12.12.26.tgz",
      "integrity": "sha1-IT4VO6usDtFp1EptkZUB5o9Z3qk="
    },
    "@types/openlayers": {
      "version": "4.6.17",
      "resolved": "https://registry.npm.taobao.org/@types/openlayers/download/@types/openlayers-4.6.17.tgz",
      "integrity": "sha1-Oajc5jHihKJs8JWGZFCZMubNfH0="
    },
    "@types/proj4": {
      "version": "2.5.0",
      "resolved": "https://registry.npm.taobao.org/@types/proj4/download/@types/proj4-2.5.0.tgz",
      "integrity": "sha1-QPHtHLnvZuRCq25X66MurcDwUBo="
    },
    "csv-parse": {
      "version": "4.8.5",
      "resolved": "https://registry.npm.taobao.org/csv-parse/download/csv-parse-4.8.5.tgz",
      "integrity": "sha1-MukqDgrO2rFBvVxaOtb8Mxbyxy0="
    },
    "ginkgoch-buffer-io": {
      "version": "1.1.3",
      "resolved": "https://registry.npm.taobao.org/ginkgoch-buffer-io/download/ginkgoch-buffer-io-1.1.3.tgz",
      "integrity": "sha1-0gC9Gw063bwse5d/BVtRYkMnhNI="
    },
    "ginkgoch-filestream": {
      "version": "1.0.0",
      "resolved": "https://registry.npm.taobao.org/ginkgoch-filestream/download/ginkgoch-filestream-1.0.0.tgz",
      "integrity": "sha1-PBDF+/BxkjmWospf1UIoasJYEfI="
    },
    "ginkgoch-geom": {
      "version": "1.8.0",
      "resolved": "https://registry.npm.taobao.org/ginkgoch-geom/download/ginkgoch-geom-1.8.0.tgz",
      "integrity": "sha1-CMMKXT8+Te484A/gDQhTLKIPL7g=",
      "requires": {
        "@types/jsts": "^0.17.0",
        "@types/lodash": "^4.14.136",
        "@types/node": "^12.6.8",
        "ginkgoch-buffer-io": "^1.1.3",
        "jsts": "^2.0.6",
        "lodash": "^4.17.15"
      },
      "dependencies": {
        "lodash": {
          "version": "4.17.15",
          "resolved": "https://registry.npm.taobao.org/lodash/download/lodash-4.17.15.tgz",
          "integrity": "sha1-tEf2ZwoEVbv+7dETku/zMOoJdUg="
        }
      }
    },
    "ginkgoch-map": {
      "version": "1.8.6",
      "resolved": "https://registry.npm.taobao.org/ginkgoch-map/download/ginkgoch-map-1.8.6.tgz?cache=0&sync_timestamp=1580388983778&other_urls=https%3A%2F%2Fregistry.npm.taobao.org%2Fginkgoch-map%2Fdownload%2Fginkgoch-map-1.8.6.tgz",
      "integrity": "sha1-P2hyCQma3wRzfnKFZl1NzNvwl2o=",
      "requires": {
        "@types/lodash": "^4.14.136",
        "@types/proj4": "^2.5.0",
        "csv-parse": "^4.8.3",
        "ginkgoch-buffer-io": "^1.1.3",
        "ginkgoch-filestream": "^1.0.0",
        "ginkgoch-geom": "^1.8.0",
        "ginkgoch-shapefile": "^2.4.0",
        "lodash": "^4.17.15",
        "proj4": "^2.5.0"
      },
      "dependencies": {
        "lodash": {
          "version": "4.17.15",
          "resolved": "https://registry.npm.taobao.org/lodash/download/lodash-4.17.15.tgz",
          "integrity": "sha1-tEf2ZwoEVbv+7dETku/zMOoJdUg="
        }
      }
    },
    "ginkgoch-shapefile": {
      "version": "2.4.0",
      "resolved": "https://registry.npm.taobao.org/ginkgoch-shapefile/download/ginkgoch-shapefile-2.4.0.tgz",
      "integrity": "sha1-x6cvh8uqphEVW6G18lxIrVaUUT0=",
      "requires": {
        "@types/jsts": "^0.17.0",
        "@types/lodash": "^4.14.136",
        "@types/node": "^12.6.8",
        "ginkgoch-buffer-io": "^1.1.3",
        "ginkgoch-filestream": "^1.0.0",
        "ginkgoch-geom": "^1.8.0",
        "lodash": "^4.17.14"
      },
      "dependencies": {
        "lodash": {
          "version": "4.17.15",
          "resolved": "https://registry.npm.taobao.org/lodash/download/lodash-4.17.15.tgz",
          "integrity": "sha1-tEf2ZwoEVbv+7dETku/zMOoJdUg="
        }
      }
    },
    "jsts": {
      "version": "2.1.0",
      "resolved": "https://registry.npm.taobao.org/jsts/download/jsts-2.1.0.tgz",
      "integrity": "sha1-anJOnTjeimlYX3rOCdh79LvaaOU="
    },
    "mgrs": {
      "version": "1.0.0",
      "resolved": "https://registry.npm.taobao.org/mgrs/download/mgrs-1.0.0.tgz",
      "integrity": "sha1-+5FYjnjJACVnI5XLQLJffNatGCk="
    },
    "proj4": {
      "version": "2.6.0",
      "resolved": "https://registry.npm.taobao.org/proj4/download/proj4-2.6.0.tgz",
      "integrity": "sha1-FUwOjusaqumRTsOHdTOWy8ADrnI=",
      "requires": {
        "mgrs": "1.0.0",
        "wkt-parser": "^1.2.0"
      }
    },
    "wkt-parser": {
      "version": "1.2.3",
      "resolved": "https://registry.npm.taobao.org/wkt-parser/download/wkt-parser-1.2.3.tgz",
      "integrity": "sha1-JA/h2syBa/5WdLZhgAQQWeqpqbo="
    }
  }
}
